// !$*UTF8*$!
{
	archiveVersion = 1;
	classes = {
	};
	objectVersion = 46;
	objects = {

/* Begin PBXBuildFile section */
		1C0145EA1ABAD13D007D7E18 /* ParseUI.framework in Frameworks */ = {isa = PBXBuildFile; fileRef = 1C0145E91ABAD13D007D7E18 /* ParseUI.framework */; };
		1C0145EC1ABAD4A1007D7E18 /* ProfileViewController.swift in Sources */ = {isa = PBXBuildFile; fileRef = 1C0145EB1ABAD4A1007D7E18 /* ProfileViewController.swift */; };
		1C0145EE1ABAD61F007D7E18 /* Social.framework in Frameworks */ = {isa = PBXBuildFile; fileRef = 1C0145ED1ABAD61F007D7E18 /* Social.framework */; };
		1C0145F01ABAD627007D7E18 /* Accounts.framework in Frameworks */ = {isa = PBXBuildFile; fileRef = 1C0145EF1ABAD627007D7E18 /* Accounts.framework */; };
		1C124BE419F545F400CCB571 /* CoreBluetooth.framework in Frameworks */ = {isa = PBXBuildFile; fileRef = 1C124BE319F545F400CCB571 /* CoreBluetooth.framework */; };
		1C49669619F4B3B200B96165 /* AppDelegate.swift in Sources */ = {isa = PBXBuildFile; fileRef = 1C49669519F4B3B200B96165 /* AppDelegate.swift */; };
		1C49669819F4B3B200B96165 /* MainViewController.swift in Sources */ = {isa = PBXBuildFile; fileRef = 1C49669719F4B3B200B96165 /* MainViewController.swift */; };
		1C49669B19F4B3B200B96165 /* Main.storyboard in Resources */ = {isa = PBXBuildFile; fileRef = 1C49669919F4B3B200B96165 /* Main.storyboard */; };
		1C49669D19F4B3B200B96165 /* Images.xcassets in Resources */ = {isa = PBXBuildFile; fileRef = 1C49669C19F4B3B200B96165 /* Images.xcassets */; };
		1C4966A019F4B3B200B96165 /* LaunchScreen.xib in Resources */ = {isa = PBXBuildFile; fileRef = 1C49669E19F4B3B200B96165 /* LaunchScreen.xib */; };
		1C502B0319FA43F800999451 /* CentralManager.swift in Sources */ = {isa = PBXBuildFile; fileRef = 1C502B0219FA43F800999451 /* CentralManager.swift */; };
		1C502B0519FA466200999451 /* Utils.swift in Sources */ = {isa = PBXBuildFile; fileRef = 1C502B0419FA466200999451 /* Utils.swift */; };
		1C502B0919FA46C000999451 /* Logger.swift in Sources */ = {isa = PBXBuildFile; fileRef = 1C502B0819FA46C000999451 /* Logger.swift */; };
		1C502B0D19FC9EB400999451 /* SelectPeripheralViewController.swift in Sources */ = {isa = PBXBuildFile; fileRef = 1C502B0C19FC9EB400999451 /* SelectPeripheralViewController.swift */; };
		1C52BD6E1A0DC3110047735A /* PeripheralManager.swift in Sources */ = {isa = PBXBuildFile; fileRef = 1C52BD6D1A0DC3110047735A /* PeripheralManager.swift */; };
		1C9CB0631AB6B4E90061A166 /* Bolts.framework in Frameworks */ = {isa = PBXBuildFile; fileRef = 1C9CB0611AB6B4E90061A166 /* Bolts.framework */; };
		1C9CB0641AB6B4E90061A166 /* Parse.framework in Frameworks */ = {isa = PBXBuildFile; fileRef = 1C9CB0621AB6B4E90061A166 /* Parse.framework */; };
		1C9CB0661AB6B5450061A166 /* AudioToolbox.framework in Frameworks */ = {isa = PBXBuildFile; fileRef = 1C9CB0651AB6B5450061A166 /* AudioToolbox.framework */; };
		1C9CB0681AB6B54E0061A166 /* CFNetwork.framework in Frameworks */ = {isa = PBXBuildFile; fileRef = 1C9CB0671AB6B54E0061A166 /* CFNetwork.framework */; };
		1C9CB06A1AB6B5580061A166 /* CoreGraphics.framework in Frameworks */ = {isa = PBXBuildFile; fileRef = 1C9CB0691AB6B5580061A166 /* CoreGraphics.framework */; };
		1C9CB06C1AB6B5600061A166 /* CoreLocation.framework in Frameworks */ = {isa = PBXBuildFile; fileRef = 1C9CB06B1AB6B5600061A166 /* CoreLocation.framework */; };
		1C9CB06E1AB6B56B0061A166 /* MobileCoreServices.framework in Frameworks */ = {isa = PBXBuildFile; fileRef = 1C9CB06D1AB6B56B0061A166 /* MobileCoreServices.framework */; };
		1C9CB0701AB6B5740061A166 /* QuartzCore.framework in Frameworks */ = {isa = PBXBuildFile; fileRef = 1C9CB06F1AB6B5740061A166 /* QuartzCore.framework */; };
		1C9CB0721AB6B57C0061A166 /* Security.framework in Frameworks */ = {isa = PBXBuildFile; fileRef = 1C9CB0711AB6B57C0061A166 /* Security.framework */; };
		1C9CB0741AB6B5840061A166 /* StoreKit.framework in Frameworks */ = {isa = PBXBuildFile; fileRef = 1C9CB0731AB6B5840061A166 /* StoreKit.framework */; };
		1C9CB0761AB6B5900061A166 /* SystemConfiguration.framework in Frameworks */ = {isa = PBXBuildFile; fileRef = 1C9CB0751AB6B5900061A166 /* SystemConfiguration.framework */; };
		1C9CB0781AB6B59A0061A166 /* libz.dylib in Frameworks */ = {isa = PBXBuildFile; fileRef = 1C9CB0771AB6B59A0061A166 /* libz.dylib */; };
		1C9CB07A1AB6B5AD0061A166 /* libsqlite3.dylib in Frameworks */ = {isa = PBXBuildFile; fileRef = 1C9CB0791AB6B5AD0061A166 /* libsqlite3.dylib */; };
		1C9CB07E1AB6D8430061A166 /* Keys.plist in Resources */ = {isa = PBXBuildFile; fileRef = 1C9CB07D1AB6D8430061A166 /* Keys.plist */; };
		1CB4175D1A050EA2004F1AF8 /* Peripheral.swift in Sources */ = {isa = PBXBuildFile; fileRef = 1CB4175C1A050EA2004F1AF8 /* Peripheral.swift */; };
/* End PBXBuildFile section */

/* Begin PBXFileReference section */
		1C0145E91ABAD13D007D7E18 /* ParseUI.framework */ = {isa = PBXFileReference; lastKnownFileType = wrapper.framework; path = ParseUI.framework; sourceTree = "<group>"; };
		1C0145EB1ABAD4A1007D7E18 /* ProfileViewController.swift */ = {isa = PBXFileReference; fileEncoding = 4; lastKnownFileType = sourcecode.swift; path = ProfileViewController.swift; sourceTree = "<group>"; };
		1C0145ED1ABAD61F007D7E18 /* Social.framework */ = {isa = PBXFileReference; lastKnownFileType = wrapper.framework; name = Social.framework; path = System/Library/Frameworks/Social.framework; sourceTree = SDKROOT; };
		1C0145EF1ABAD627007D7E18 /* Accounts.framework */ = {isa = PBXFileReference; lastKnownFileType = wrapper.framework; name = Accounts.framework; path = System/Library/Frameworks/Accounts.framework; sourceTree = SDKROOT; };
		1C124BE319F545F400CCB571 /* CoreBluetooth.framework */ = {isa = PBXFileReference; lastKnownFileType = wrapper.framework; name = CoreBluetooth.framework; path = System/Library/Frameworks/CoreBluetooth.framework; sourceTree = SDKROOT; };
		1C49669019F4B3B200B96165 /* bleapp.app */ = {isa = PBXFileReference; explicitFileType = wrapper.application; includeInIndex = 0; path = bleapp.app; sourceTree = BUILT_PRODUCTS_DIR; };
		1C49669419F4B3B200B96165 /* Info.plist */ = {isa = PBXFileReference; lastKnownFileType = text.plist.xml; path = Info.plist; sourceTree = "<group>"; };
		1C49669519F4B3B200B96165 /* AppDelegate.swift */ = {isa = PBXFileReference; lastKnownFileType = sourcecode.swift; path = AppDelegate.swift; sourceTree = "<group>"; };
		1C49669719F4B3B200B96165 /* MainViewController.swift */ = {isa = PBXFileReference; lastKnownFileType = sourcecode.swift; path = MainViewController.swift; sourceTree = "<group>"; };
		1C49669A19F4B3B200B96165 /* Base */ = {isa = PBXFileReference; lastKnownFileType = file.storyboard; name = Base; path = Base.lproj/Main.storyboard; sourceTree = "<group>"; };
		1C49669C19F4B3B200B96165 /* Images.xcassets */ = {isa = PBXFileReference; lastKnownFileType = folder.assetcatalog; path = Images.xcassets; sourceTree = "<group>"; };
		1C49669F19F4B3B200B96165 /* Base */ = {isa = PBXFileReference; lastKnownFileType = file.xib; name = Base; path = Base.lproj/LaunchScreen.xib; sourceTree = "<group>"; };
		1C4966AA19F4B3B200B96165 /* Info.plist */ = {isa = PBXFileReference; lastKnownFileType = text.plist.xml; path = Info.plist; sourceTree = "<group>"; };
		1C4966AB19F4B3B200B96165 /* ble_swiftTests.swift */ = {isa = PBXFileReference; lastKnownFileType = sourcecode.swift; path = ble_swiftTests.swift; sourceTree = "<group>"; };
		1C502B0219FA43F800999451 /* CentralManager.swift */ = {isa = PBXFileReference; fileEncoding = 4; lastKnownFileType = sourcecode.swift; path = CentralManager.swift; sourceTree = "<group>"; };
		1C502B0419FA466200999451 /* Utils.swift */ = {isa = PBXFileReference; fileEncoding = 4; lastKnownFileType = sourcecode.swift; name = Utils.swift; path = Utilities/Utils.swift; sourceTree = "<group>"; };
		1C502B0819FA46C000999451 /* Logger.swift */ = {isa = PBXFileReference; fileEncoding = 4; lastKnownFileType = sourcecode.swift; path = Logger.swift; sourceTree = "<group>"; };
		1C502B0C19FC9EB400999451 /* SelectPeripheralViewController.swift */ = {isa = PBXFileReference; fileEncoding = 4; lastKnownFileType = sourcecode.swift; path = SelectPeripheralViewController.swift; sourceTree = "<group>"; };
		1C52BD6D1A0DC3110047735A /* PeripheralManager.swift */ = {isa = PBXFileReference; fileEncoding = 4; lastKnownFileType = sourcecode.swift; path = PeripheralManager.swift; sourceTree = "<group>"; };
		1C9CB0611AB6B4E90061A166 /* Bolts.framework */ = {isa = PBXFileReference; lastKnownFileType = wrapper.framework; path = Bolts.framework; sourceTree = "<group>"; };
		1C9CB0621AB6B4E90061A166 /* Parse.framework */ = {isa = PBXFileReference; lastKnownFileType = wrapper.framework; path = Parse.framework; sourceTree = "<group>"; };
		1C9CB0651AB6B5450061A166 /* AudioToolbox.framework */ = {isa = PBXFileReference; lastKnownFileType = wrapper.framework; name = AudioToolbox.framework; path = System/Library/Frameworks/AudioToolbox.framework; sourceTree = SDKROOT; };
		1C9CB0671AB6B54E0061A166 /* CFNetwork.framework */ = {isa = PBXFileReference; lastKnownFileType = wrapper.framework; name = CFNetwork.framework; path = System/Library/Frameworks/CFNetwork.framework; sourceTree = SDKROOT; };
		1C9CB0691AB6B5580061A166 /* CoreGraphics.framework */ = {isa = PBXFileReference; lastKnownFileType = wrapper.framework; name = CoreGraphics.framework; path = System/Library/Frameworks/CoreGraphics.framework; sourceTree = SDKROOT; };
		1C9CB06B1AB6B5600061A166 /* CoreLocation.framework */ = {isa = PBXFileReference; lastKnownFileType = wrapper.framework; name = CoreLocation.framework; path = System/Library/Frameworks/CoreLocation.framework; sourceTree = SDKROOT; };
		1C9CB06D1AB6B56B0061A166 /* MobileCoreServices.framework */ = {isa = PBXFileReference; lastKnownFileType = wrapper.framework; name = MobileCoreServices.framework; path = System/Library/Frameworks/MobileCoreServices.framework; sourceTree = SDKROOT; };
		1C9CB06F1AB6B5740061A166 /* QuartzCore.framework */ = {isa = PBXFileReference; lastKnownFileType = wrapper.framework; name = QuartzCore.framework; path = System/Library/Frameworks/QuartzCore.framework; sourceTree = SDKROOT; };
		1C9CB0711AB6B57C0061A166 /* Security.framework */ = {isa = PBXFileReference; lastKnownFileType = wrapper.framework; name = Security.framework; path = System/Library/Frameworks/Security.framework; sourceTree = SDKROOT; };
		1C9CB0731AB6B5840061A166 /* StoreKit.framework */ = {isa = PBXFileReference; lastKnownFileType = wrapper.framework; name = StoreKit.framework; path = System/Library/Frameworks/StoreKit.framework; sourceTree = SDKROOT; };
		1C9CB0751AB6B5900061A166 /* SystemConfiguration.framework */ = {isa = PBXFileReference; lastKnownFileType = wrapper.framework; name = SystemConfiguration.framework; path = System/Library/Frameworks/SystemConfiguration.framework; sourceTree = SDKROOT; };
		1C9CB0771AB6B59A0061A166 /* libz.dylib */ = {isa = PBXFileReference; lastKnownFileType = "compiled.mach-o.dylib"; name = libz.dylib; path = usr/lib/libz.dylib; sourceTree = SDKROOT; };
		1C9CB0791AB6B5AD0061A166 /* libsqlite3.dylib */ = {isa = PBXFileReference; lastKnownFileType = "compiled.mach-o.dylib"; name = libsqlite3.dylib; path = usr/lib/libsqlite3.dylib; sourceTree = SDKROOT; };
		1C9CB07D1AB6D8430061A166 /* Keys.plist */ = {isa = PBXFileReference; fileEncoding = 4; lastKnownFileType = text.plist.xml; path = Keys.plist; sourceTree = "<group>"; };
		1CB4175C1A050EA2004F1AF8 /* Peripheral.swift */ = {isa = PBXFileReference; fileEncoding = 4; lastKnownFileType = sourcecode.swift; path = Peripheral.swift; sourceTree = "<group>"; };
/* End PBXFileReference section */

/* Begin PBXFrameworksBuildPhase section */
		1C49668D19F4B3B200B96165 /* Frameworks */ = {
			isa = PBXFrameworksBuildPhase;
			buildActionMask = 2147483647;
			files = (
				1C0145F01ABAD627007D7E18 /* Accounts.framework in Frameworks */,
				1C0145EE1ABAD61F007D7E18 /* Social.framework in Frameworks */,
				1C9CB07A1AB6B5AD0061A166 /* libsqlite3.dylib in Frameworks */,
				1C9CB0781AB6B59A0061A166 /* libz.dylib in Frameworks */,
				1C9CB0761AB6B5900061A166 /* SystemConfiguration.framework in Frameworks */,
				1C9CB0741AB6B5840061A166 /* StoreKit.framework in Frameworks */,
				1C9CB0721AB6B57C0061A166 /* Security.framework in Frameworks */,
				1C9CB0701AB6B5740061A166 /* QuartzCore.framework in Frameworks */,
				1C9CB06E1AB6B56B0061A166 /* MobileCoreServices.framework in Frameworks */,
				1C9CB06C1AB6B5600061A166 /* CoreLocation.framework in Frameworks */,
				1C9CB06A1AB6B5580061A166 /* CoreGraphics.framework in Frameworks */,
				1C9CB0681AB6B54E0061A166 /* CFNetwork.framework in Frameworks */,
				1C9CB0661AB6B5450061A166 /* AudioToolbox.framework in Frameworks */,
				1C124BE419F545F400CCB571 /* CoreBluetooth.framework in Frameworks */,
				1C0145EA1ABAD13D007D7E18 /* ParseUI.framework in Frameworks */,
				1C9CB0641AB6B4E90061A166 /* Parse.framework in Frameworks */,
				1C9CB0631AB6B4E90061A166 /* Bolts.framework in Frameworks */,
			);
			runOnlyForDeploymentPostprocessing = 0;
		};
/* End PBXFrameworksBuildPhase section */

/* Begin PBXGroup section */
		1C49668719F4B3B200B96165 = {
			isa = PBXGroup;
			children = (
				1C49669219F4B3B200B96165 /* ble-swift */,
				1C4966A819F4B3B200B96165 /* ble-swiftTests */,
				1C9CB07F1AB6DA2A0061A166 /* Frameworks */,
				1C49669119F4B3B200B96165 /* Products */,
			);
			sourceTree = "<group>";
		};
		1C49669119F4B3B200B96165 /* Products */ = {
			isa = PBXGroup;
			children = (
				1C49669019F4B3B200B96165 /* bleapp.app */,
			);
			name = Products;
			sourceTree = "<group>";
		};
		1C49669219F4B3B200B96165 /* ble-swift */ = {
			isa = PBXGroup;
			children = (
				1C49669519F4B3B200B96165 /* AppDelegate.swift */,
				1C0145EB1ABAD4A1007D7E18 /* ProfileViewController.swift */,
				1C49669719F4B3B200B96165 /* MainViewController.swift */,
				1C502B0C19FC9EB400999451 /* SelectPeripheralViewController.swift */,
				1C502B0219FA43F800999451 /* CentralManager.swift */,
				1C52BD6D1A0DC3110047735A /* PeripheralManager.swift */,
				1CB4175C1A050EA2004F1AF8 /* Peripheral.swift */,
				1C49669919F4B3B200B96165 /* Main.storyboard */,
				1C49669C19F4B3B200B96165 /* Images.xcassets */,
				1C49669E19F4B3B200B96165 /* LaunchScreen.xib */,
				1C502B0719FA468900999451 /* Utilities */,
				1C49669319F4B3B200B96165 /* Supporting Files */,
			);
			path = "ble-swift";
			sourceTree = "<group>";
		};
		1C49669319F4B3B200B96165 /* Supporting Files */ = {
			isa = PBXGroup;
			children = (
				1C9CB07D1AB6D8430061A166 /* Keys.plist */,
				1C49669419F4B3B200B96165 /* Info.plist */,
			);
			name = "Supporting Files";
			sourceTree = "<group>";
		};
		1C4966A819F4B3B200B96165 /* ble-swiftTests */ = {
			isa = PBXGroup;
			children = (
				1C4966AB19F4B3B200B96165 /* ble_swiftTests.swift */,
				1C4966A919F4B3B200B96165 /* Supporting Files */,
			);
			path = "ble-swiftTests";
			sourceTree = "<group>";
		};
		1C4966A919F4B3B200B96165 /* Supporting Files */ = {
			isa = PBXGroup;
			children = (
				1C4966AA19F4B3B200B96165 /* Info.plist */,
			);
			name = "Supporting Files";
			sourceTree = "<group>";
		};
		1C502B0719FA468900999451 /* Utilities */ = {
			isa = PBXGroup;
			children = (
				1C502B0419FA466200999451 /* Utils.swift */,
				1C502B0819FA46C000999451 /* Logger.swift */,
			);
			name = Utilities;
			sourceTree = "<group>";
		};
		1C9CB07F1AB6DA2A0061A166 /* Frameworks */ = {
			isa = PBXGroup;
			children = (
				1C0145EF1ABAD627007D7E18 /* Accounts.framework */,
				1C0145ED1ABAD61F007D7E18 /* Social.framework */,
				1C0145E91ABAD13D007D7E18 /* ParseUI.framework */,
				1C9CB0791AB6B5AD0061A166 /* libsqlite3.dylib */,
				1C9CB0771AB6B59A0061A166 /* libz.dylib */,
				1C9CB0751AB6B5900061A166 /* SystemConfiguration.framework */,
				1C9CB0731AB6B5840061A166 /* StoreKit.framework */,
				1C9CB0711AB6B57C0061A166 /* Security.framework */,
				1C9CB06F1AB6B5740061A166 /* QuartzCore.framework */,
				1C9CB06D1AB6B56B0061A166 /* MobileCoreServices.framework */,
				1C9CB06B1AB6B5600061A166 /* CoreLocation.framework */,
				1C9CB0691AB6B5580061A166 /* CoreGraphics.framework */,
				1C9CB0671AB6B54E0061A166 /* CFNetwork.framework */,
				1C9CB0651AB6B5450061A166 /* AudioToolbox.framework */,
				1C124BE319F545F400CCB571 /* CoreBluetooth.framework */,
				1C9CB0611AB6B4E90061A166 /* Bolts.framework */,
				1C9CB0621AB6B4E90061A166 /* Parse.framework */,
			);
			name = Frameworks;
			sourceTree = "<group>";
		};
/* End PBXGroup section */

/* Begin PBXNativeTarget section */
		1C49668F19F4B3B200B96165 /* bleapp */ = {
			isa = PBXNativeTarget;
			buildConfigurationList = 1C4966AF19F4B3B200B96165 /* Build configuration list for PBXNativeTarget "bleapp" */;
			buildPhases = (
				1C49668C19F4B3B200B96165 /* Sources */,
				1C49668D19F4B3B200B96165 /* Frameworks */,
				1C49668E19F4B3B200B96165 /* Resources */,
			);
			buildRules = (
			);
			dependencies = (
			);
			name = bleapp;
			productName = "ble-swift";
			productReference = 1C49669019F4B3B200B96165 /* bleapp.app */;
			productType = "com.apple.product-type.application";
		};
/* End PBXNativeTarget section */

/* Begin PBXProject section */
		1C49668819F4B3B200B96165 /* Project object */ = {
			isa = PBXProject;
			attributes = {
				LastUpgradeCheck = 0600;
				ORGANIZATIONNAME = xuyuanme;
				TargetAttributes = {
					1C49668F19F4B3B200B96165 = {
						CreatedOnToolsVersion = 6.0.1;
						DevelopmentTeam = SBNGTNE6LR;
						SystemCapabilities = {
							com.apple.BackgroundModes = {
								enabled = 1;
							};
						};
					};
				};
			};
			buildConfigurationList = 1C49668B19F4B3B200B96165 /* Build configuration list for PBXProject "ble-swift" */;
			compatibilityVersion = "Xcode 3.2";
			developmentRegion = English;
			hasScannedForEncodings = 0;
			knownRegions = (
				en,
				Base,
			);
			mainGroup = 1C49668719F4B3B200B96165;
			productRefGroup = 1C49669119F4B3B200B96165 /* Products */;
			projectDirPath = "";
			projectRoot = "";
			targets = (
				1C49668F19F4B3B200B96165 /* bleapp */,
			);
		};
/* End PBXProject section */

/* Begin PBXResourcesBuildPhase section */
		1C49668E19F4B3B200B96165 /* Resources */ = {
			isa = PBXResourcesBuildPhase;
			buildActionMask = 2147483647;
			files = (
				1C9CB07E1AB6D8430061A166 /* Keys.plist in Resources */,
				1C49669B19F4B3B200B96165 /* Main.storyboard in Resources */,
				1C4966A019F4B3B200B96165 /* LaunchScreen.xib in Resources */,
				1C49669D19F4B3B200B96165 /* Images.xcassets in Resources */,
			);
			runOnlyForDeploymentPostprocessing = 0;
		};
/* End PBXResourcesBuildPhase section */

/* Begin PBXSourcesBuildPhase section */
		1C49668C19F4B3B200B96165 /* Sources */ = {
			isa = PBXSourcesBuildPhase;
			buildActionMask = 2147483647;
			files = (
				1C502B0919FA46C000999451 /* Logger.swift in Sources */,
				1C52BD6E1A0DC3110047735A /* PeripheralManager.swift in Sources */,
				1C49669819F4B3B200B96165 /* MainViewController.swift in Sources */,
				1C502B0D19FC9EB400999451 /* SelectPeripheralViewController.swift in Sources */,
				1C49669619F4B3B200B96165 /* AppDelegate.swift in Sources */,
				1CB4175D1A050EA2004F1AF8 /* Peripheral.swift in Sources */,
				1C0145EC1ABAD4A1007D7E18 /* ProfileViewController.swift in Sources */,
				1C502B0319FA43F800999451 /* CentralManager.swift in Sources */,
				1C502B0519FA466200999451 /* Utils.swift in Sources */,
			);
			runOnlyForDeploymentPostprocessing = 0;
		};
/* End PBXSourcesBuildPhase section */

/* Begin PBXVariantGroup section */
		1C49669919F4B3B200B96165 /* Main.storyboard */ = {
			isa = PBXVariantGroup;
			children = (
				1C49669A19F4B3B200B96165 /* Base */,
			);
			name = Main.storyboard;
			sourceTree = "<group>";
		};
		1C49669E19F4B3B200B96165 /* LaunchScreen.xib */ = {
			isa = PBXVariantGroup;
			children = (
				1C49669F19F4B3B200B96165 /* Base */,
			);
			name = LaunchScreen.xib;
			sourceTree = "<group>";
		};
/* End PBXVariantGroup section */

/* Begin XCBuildConfiguration section */
		1C4966AD19F4B3B200B96165 /* Debug */ = {
			isa = XCBuildConfiguration;
			buildSettings = {
				ALWAYS_SEARCH_USER_PATHS = NO;
				CLANG_CXX_LANGUAGE_STANDARD = "gnu++0x";
				CLANG_CXX_LIBRARY = "libc++";
				CLANG_ENABLE_MODULES = YES;
				CLANG_ENABLE_OBJC_ARC = YES;
				CLANG_WARN_BOOL_CONVERSION = YES;
				CLANG_WARN_CONSTANT_CONVERSION = YES;
				CLANG_WARN_DIRECT_OBJC_ISA_USAGE = YES_ERROR;
				CLANG_WARN_EMPTY_BODY = YES;
				CLANG_WARN_ENUM_CONVERSION = YES;
				CLANG_WARN_INT_CONVERSION = YES;
				CLANG_WARN_OBJC_ROOT_CLASS = YES_ERROR;
				CLANG_WARN_UNREACHABLE_CODE = YES;
				CLANG_WARN__DUPLICATE_METHOD_MATCH = YES;
				CODE_SIGN_IDENTITY = "iPhone Developer";
				"CODE_SIGN_IDENTITY[sdk=iphoneos*]" = "iPhone Developer";
				COPY_PHASE_STRIP = NO;
				ENABLE_STRICT_OBJC_MSGSEND = YES;
				GCC_C_LANGUAGE_STANDARD = gnu99;
				GCC_DYNAMIC_NO_PIC = NO;
				GCC_OPTIMIZATION_LEVEL = 0;
				GCC_PREPROCESSOR_DEFINITIONS = (
					"DEBUG=1",
					"$(inherited)",
				);
				GCC_SYMBOLS_PRIVATE_EXTERN = NO;
				GCC_WARN_64_TO_32_BIT_CONVERSION = YES;
				GCC_WARN_ABOUT_RETURN_TYPE = YES_ERROR;
				GCC_WARN_UNDECLARED_SELECTOR = YES;
				GCC_WARN_UNINITIALIZED_AUTOS = YES_AGGRESSIVE;
				GCC_WARN_UNUSED_FUNCTION = YES;
				GCC_WARN_UNUSED_VARIABLE = YES;
				IPHONEOS_DEPLOYMENT_TARGET = 7.0;
				MTL_ENABLE_DEBUG_INFO = YES;
				ONLY_ACTIVE_ARCH = YES;
				OTHER_SWIFT_FLAGS = "-D DEBUG";
				PROVISIONING_PROFILE = "f2277f89-1d88-4779-bb27-da73f70a8159";
				SDKROOT = iphoneos;
				SWIFT_OPTIMIZATION_LEVEL = "-Onone";
			};
			name = Debug;
		};
		1C4966AE19F4B3B200B96165 /* Release */ = {
			isa = XCBuildConfiguration;
			buildSettings = {
				ALWAYS_SEARCH_USER_PATHS = NO;
				CLANG_CXX_LANGUAGE_STANDARD = "gnu++0x";
				CLANG_CXX_LIBRARY = "libc++";
				CLANG_ENABLE_MODULES = YES;
				CLANG_ENABLE_OBJC_ARC = YES;
				CLANG_WARN_BOOL_CONVERSION = YES;
				CLANG_WARN_CONSTANT_CONVERSION = YES;
				CLANG_WARN_DIRECT_OBJC_ISA_USAGE = YES_ERROR;
				CLANG_WARN_EMPTY_BODY = YES;
				CLANG_WARN_ENUM_CONVERSION = YES;
				CLANG_WARN_INT_CONVERSION = YES;
				CLANG_WARN_OBJC_ROOT_CLASS = YES_ERROR;
				CLANG_WARN_UNREACHABLE_CODE = YES;
				CLANG_WARN__DUPLICATE_METHOD_MATCH = YES;
				CODE_SIGN_IDENTITY = "iPhone Developer";
				"CODE_SIGN_IDENTITY[sdk=iphoneos*]" = "iPhone Developer";
				COPY_PHASE_STRIP = YES;
				ENABLE_NS_ASSERTIONS = NO;
				ENABLE_STRICT_OBJC_MSGSEND = YES;
				GCC_C_LANGUAGE_STANDARD = gnu99;
				GCC_PREPROCESSOR_DEFINITIONS = "";
				GCC_WARN_64_TO_32_BIT_CONVERSION = YES;
				GCC_WARN_ABOUT_RETURN_TYPE = YES_ERROR;
				GCC_WARN_UNDECLARED_SELECTOR = YES;
				GCC_WARN_UNINITIALIZED_AUTOS = YES_AGGRESSIVE;
				GCC_WARN_UNUSED_FUNCTION = YES;
				GCC_WARN_UNUSED_VARIABLE = YES;
				IPHONEOS_DEPLOYMENT_TARGET = 7.0;
				MTL_ENABLE_DEBUG_INFO = NO;
				OTHER_SWIFT_FLAGS = "";
				PROVISIONING_PROFILE = "f2277f89-1d88-4779-bb27-da73f70a8159";
				SDKROOT = iphoneos;
				VALIDATE_PRODUCT = YES;
			};
			name = Release;
		};
		1C4966B019F4B3B200B96165 /* Debug */ = {
			isa = XCBuildConfiguration;
			buildSettings = {
				ASSETCATALOG_COMPILER_APPICON_NAME = AppIcon;
				ASSETCATALOG_COMPILER_LAUNCHIMAGE_NAME = LaunchImage;
				CODE_SIGN_IDENTITY = "iPhone Developer";
				FRAMEWORK_SEARCH_PATHS = (
					"$(inherited)",
					"$(PROJECT_DIR)",
				);
				INFOPLIST_FILE = "ble-swift/Info.plist";
				IPHONEOS_DEPLOYMENT_TARGET = 7.0;
				LD_RUNPATH_SEARCH_PATHS = "$(inherited) @executable_path/Frameworks";
				PRODUCT_NAME = "$(TARGET_NAME)";
				PROVISIONING_PROFILE = "f2277f89-1d88-4779-bb27-da73f70a8159";
			};
			name = Debug;
		};
		1C4966B119F4B3B200B96165 /* Release */ = {
			isa = XCBuildConfiguration;
			buildSettings = {
				ASSETCATALOG_COMPILER_APPICON_NAME = AppIcon;
				ASSETCATALOG_COMPILER_LAUNCHIMAGE_NAME = LaunchImage;
				CODE_SIGN_IDENTITY = "iPhone Developer";
				FRAMEWORK_SEARCH_PATHS = (
					"$(inherited)",
					"$(PROJECT_DIR)",
				);
				INFOPLIST_FILE = "ble-swift/Info.plist";
				IPHONEOS_DEPLOYMENT_TARGET = 7.0;
				LD_RUNPATH_SEARCH_PATHS = "$(inherited) @executable_path/Frameworks";
				PRODUCT_NAME = "$(TARGET_NAME)";
				PROVISIONING_PROFILE = "f2277f89-1d88-4779-bb27-da73f70a8159";
			};
			name = Release;
		};
/* End XCBuildConfiguration section */

/* Begin XCConfigurationList section */
		1C49668B19F4B3B200B96165 /* Build configuration list for PBXProject "ble-swift" */ = {
			isa = XCConfigurationList;
			buildConfigurations = (
				1C4966AD19F4B3B200B96165 /* Debug */,
				1C4966AE19F4B3B200B96165 /* Release */,
			);
			defaultConfigurationIsVisible = 0;
			defaultConfigurationName = Release;
		};
		1C4966AF19F4B3B200B96165 /* Build configuration list for PBXNativeTarget "bleapp" */ = {
			isa = XCConfigurationList;
			buildConfigurations = (
				1C4966B019F4B3B200B96165 /* Debug */,
				1C4966B119F4B3B200B96165 /* Release */,
			);
			defaultConfigurationIsVisible = 0;
			defaultConfigurationName = Release;
		};
/* End XCConfigurationList section */
	};
	rootObject = 1C49668819F4B3B200B96165 /* Project object */;
}
