// !$*UTF8*$!
{
	archiveVersion = 1;
	classes = {
	};
	objectVersion = 46;
	objects = {

/* Begin PBXBuildFile section */
		1C49669619F4B3B200B96165 /* AppDelegate.swift in Sources */ = {isa = PBXBuildFile; fileRef = 1C49669519F4B3B200B96165 /* AppDelegate.swift */; };
		1C49669819F4B3B200B96165 /* ViewController.swift in Sources */ = {isa = PBXBuildFile; fileRef = 1C49669719F4B3B200B96165 /* ViewController.swift */; };
		1C49669B19F4B3B200B96165 /* Main.storyboard in Resources */ = {isa = PBXBuildFile; fileRef = 1C49669919F4B3B200B96165 /* Main.storyboard */; };
		1C49669D19F4B3B200B96165 /* Images.xcassets in Resources */ = {isa = PBXBuildFile; fileRef = 1C49669C19F4B3B200B96165 /* Images.xcassets */; };
		1C4966A019F4B3B200B96165 /* LaunchScreen.xib in Resources */ = {isa = PBXBuildFile; fileRef = 1C49669E19F4B3B200B96165 /* LaunchScreen.xib */; };
		1C4966AC19F4B3B200B96165 /* ble_swiftTests.swift in Sources */ = {isa = PBXBuildFile; fileRef = 1C4966AB19F4B3B200B96165 /* ble_swiftTests.swift */; };
/* End PBXBuildFile section */

/* Begin PBXContainerItemProxy section */
		1C4966A619F4B3B200B96165 /* PBXContainerItemProxy */ = {
			isa = PBXContainerItemProxy;
			containerPortal = 1C49668819F4B3B200B96165 /* Project object */;
			proxyType = 1;
			remoteGlobalIDString = 1C49668F19F4B3B200B96165;
			remoteInfo = "ble-swift";
		};
/* End PBXContainerItemProxy section */

/* Begin PBXFileReference section */
		1C49669019F4B3B200B96165 /* ble-swift.app */ = {isa = PBXFileReference; explicitFileType = wrapper.application; includeInIndex = 0; path = "ble-swift.app"; sourceTree = BUILT_PRODUCTS_DIR; };
		1C49669419F4B3B200B96165 /* Info.plist */ = {isa = PBXFileReference; lastKnownFileType = text.plist.xml; path = Info.plist; sourceTree = "<group>"; };
		1C49669519F4B3B200B96165 /* AppDelegate.swift */ = {isa = PBXFileReference; lastKnownFileType = sourcecode.swift; path = AppDelegate.swift; sourceTree = "<group>"; };
		1C49669719F4B3B200B96165 /* ViewController.swift */ = {isa = PBXFileReference; lastKnownFileType = sourcecode.swift; path = ViewController.swift; sourceTree = "<group>"; };
		1C49669A19F4B3B200B96165 /* Base */ = {isa = PBXFileReference; lastKnownFileType = file.storyboard; name = Base; path = Base.lproj/Main.storyboard; sourceTree = "<group>"; };
		1C49669C19F4B3B200B96165 /* Images.xcassets */ = {isa = PBXFileReference; lastKnownFileType = folder.assetcatalog; path = Images.xcassets; sourceTree = "<group>"; };
		1C49669F19F4B3B200B96165 /* Base */ = {isa = PBXFileReference; lastKnownFileType = file.xib; name = Base; path = Base.lproj/LaunchScreen.xib; sourceTree = "<group>"; };
		1C4966A519F4B3B200B96165 /* ble-swiftTests.xctest */ = {isa = PBXFileReference; explicitFileType = wrapper.cfbundle; includeInIndex = 0; path = "ble-swiftTests.xctest"; sourceTree = BUILT_PRODUCTS_DIR; };
		1C4966AA19F4B3B200B96165 /* Info.plist */ = {isa = PBXFileReference; lastKnownFileType = text.plist.xml; path = Info.plist; sourceTree = "<group>"; };
		1C4966AB19F4B3B200B96165 /* ble_swiftTests.swift */ = {isa = PBXFileReference; lastKnownFileType = sourcecode.swift; path = ble_swiftTests.swift; sourceTree = "<group>"; };
/* End PBXFileReference section */

/* Begin PBXFrameworksBuildPhase section */
		1C49668D19F4B3B200B96165 /* Frameworks */ = {
			isa = PBXFrameworksBuildPhase;
			buildActionMask = 2147483647;
			files = (
			);
			runOnlyForDeploymentPostprocessing = 0;
		};
		1C4966A219F4B3B200B96165 /* Frameworks */ = {
			isa = PBXFrameworksBuildPhase;
			buildActionMask = 2147483647;
			files = (
			);
			runOnlyForDeploymentPostprocessing = 0;
		};
/* End PBXFrameworksBuildPhase section */

/* Begin PBXGroup section */
		1C49668719F4B3B200B96165 = {
			isa = PBXGroup;
			children = (
				1C49669219F4B3B200B96165 /* ble-swift */,
				1C4966A819F4B3B200B96165 /* ble-swiftTests */,
				1C49669119F4B3B200B96165 /* Products */,
			);
			sourceTree = "<group>";
		};
		1C49669119F4B3B200B96165 /* Products */ = {
			isa = PBXGroup;
			children = (
				1C49669019F4B3B200B96165 /* ble-swift.app */,
				1C4966A519F4B3B200B96165 /* ble-swiftTests.xctest */,
			);
			name = Products;
			sourceTree = "<group>";
		};
		1C49669219F4B3B200B96165 /* ble-swift */ = {
			isa = PBXGroup;
			children = (
				1C49669519F4B3B200B96165 /* AppDelegate.swift */,
				1C49669719F4B3B200B96165 /* ViewController.swift */,
				1C49669919F4B3B200B96165 /* Main.storyboard */,
				1C49669C19F4B3B200B96165 /* Images.xcassets */,
				1C49669E19F4B3B200B96165 /* LaunchScreen.xib */,
				1C49669319F4B3B200B96165 /* Supporting Files */,
			);
			path = "ble-swift";
			sourceTree = "<group>";
		};
		1C49669319F4B3B200B96165 /* Supporting Files */ = {
			isa = PBXGroup;
			children = (
				1C49669419F4B3B200B96165 /* Info.plist */,
			);
			name = "Supporting Files";
			sourceTree = "<group>";
		};
		1C4966A819F4B3B200B96165 /* ble-swiftTests */ = {
			isa = PBXGroup;
			children = (
				1C4966AB19F4B3B200B96165 /* ble_swiftTests.swift */,
				1C4966A919F4B3B200B96165 /* Supporting Files */,
			);
			path = "ble-swiftTests";
			sourceTree = "<group>";
		};
		1C4966A919F4B3B200B96165 /* Supporting Files */ = {
			isa = PBXGroup;
			children = (
				1C4966AA19F4B3B200B96165 /* Info.plist */,
			);
			name = "Supporting Files";
			sourceTree = "<group>";
		};
/* End PBXGroup section */

/* Begin PBXNativeTarget section */
		1C49668F19F4B3B200B96165 /* ble-swift */ = {
			isa = PBXNativeTarget;
			buildConfigurationList = 1C4966AF19F4B3B200B96165 /* Build configuration list for PBXNativeTarget "ble-swift" */;
			buildPhases = (
				1C49668C19F4B3B200B96165 /* Sources */,
				1C49668D19F4B3B200B96165 /* Frameworks */,
				1C49668E19F4B3B200B96165 /* Resources */,
			);
			buildRules = (
			);
			dependencies = (
			);
			name = "ble-swift";
			productName = "ble-swift";
			productReference = 1C49669019F4B3B200B96165 /* ble-swift.app */;
			productType = "com.apple.product-type.application";
		};
		1C4966A419F4B3B200B96165 /* ble-swiftTests */ = {
			isa = PBXNativeTarget;
			buildConfigurationList = 1C4966B219F4B3B200B96165 /* Build configuration list for PBXNativeTarget "ble-swiftTests" */;
			buildPhases = (
				1C4966A119F4B3B200B96165 /* Sources */,
				1C4966A219F4B3B200B96165 /* Frameworks */,
				1C4966A319F4B3B200B96165 /* Resources */,
			);
			buildRules = (
			);
			dependencies = (
				1C4966A719F4B3B200B96165 /* PBXTargetDependency */,
			);
			name = "ble-swiftTests";
			productName = "ble-swiftTests";
			productReference = 1C4966A519F4B3B200B96165 /* ble-swiftTests.xctest */;
			productType = "com.apple.product-type.bundle.unit-test";
		};
/* End PBXNativeTarget section */

/* Begin PBXProject section */
		1C49668819F4B3B200B96165 /* Project object */ = {
			isa = PBXProject;
			attributes = {
				LastUpgradeCheck = 0600;
				ORGANIZATIONNAME = xuyuanme;
				TargetAttributes = {
					1C49668F19F4B3B200B96165 = {
						CreatedOnToolsVersion = 6.0.1;
					};
					1C4966A419F4B3B200B96165 = {
						CreatedOnToolsVersion = 6.0.1;
						TestTargetID = 1C49668F19F4B3B200B96165;
					};
				};
			};
			buildConfigurationList = 1C49668B19F4B3B200B96165 /* Build configuration list for PBXProject "ble-swift" */;
			compatibilityVersion = "Xcode 3.2";
			developmentRegion = English;
			hasScannedForEncodings = 0;
			knownRegions = (
				en,
				Base,
			);
			mainGroup = 1C49668719F4B3B200B96165;
			productRefGroup = 1C49669119F4B3B200B96165 /* Products */;
			projectDirPath = "";
			projectRoot = "";
			targets = (
				1C49668F19F4B3B200B96165 /* ble-swift */,
				1C4966A419F4B3B200B96165 /* ble-swiftTests */,
			);
		};
/* End PBXProject section */

/* Begin PBXResourcesBuildPhase section */
		1C49668E19F4B3B200B96165 /* Resources */ = {
			isa = PBXResourcesBuildPhase;
			buildActionMask = 2147483647;
			files = (
				1C49669B19F4B3B200B96165 /* Main.storyboard in Resources */,
				1C4966A019F4B3B200B96165 /* LaunchScreen.xib in Resources */,
				1C49669D19F4B3B200B96165 /* Images.xcassets in Resources */,
			);
			runOnlyForDeploymentPostprocessing = 0;
		};
		1C4966A319F4B3B200B96165 /* Resources */ = {
			isa = PBXResourcesBuildPhase;
			buildActionMask = 2147483647;
			files = (
			);
			runOnlyForDeploymentPostprocessing = 0;
		};
/* End PBXResourcesBuildPhase section */

/* Begin PBXSourcesBuildPhase section */
		1C49668C19F4B3B200B96165 /* Sources */ = {
			isa = PBXSourcesBuildPhase;
			buildActionMask = 2147483647;
			files = (
				1C49669819F4B3B200B96165 /* ViewController.swift in Sources */,
				1C49669619F4B3B200B96165 /* AppDelegate.swift in Sources */,
			);
			runOnlyForDeploymentPostprocessing = 0;
		};
		1C4966A119F4B3B200B96165 /* Sources */ = {
			isa = PBXSourcesBuildPhase;
			buildActionMask = 2147483647;
			files = (
				1C4966AC19F4B3B200B96165 /* ble_swiftTests.swift in Sources */,
			);
			runOnlyForDeploymentPostprocessing = 0;
		};
/* End PBXSourcesBuildPhase section */

/* Begin PBXTargetDependency section */
		1C4966A719F4B3B200B96165 /* PBXTargetDependency */ = {
			isa = PBXTargetDependency;
			target = 1C49668F19F4B3B200B96165 /* ble-swift */;
			targetProxy = 1C4966A619F4B3B200B96165 /* PBXContainerItemProxy */;
		};
/* End PBXTargetDependency section */

/* Begin PBXVariantGroup section */
		1C49669919F4B3B200B96165 /* Main.storyboard */ = {
			isa = PBXVariantGroup;
			children = (
				1C49669A19F4B3B200B96165 /* Base */,
			);
			name = Main.storyboard;
			sourceTree = "<group>";
		};
		1C49669E19F4B3B200B96165 /* LaunchScreen.xib */ = {
			isa = PBXVariantGroup;
			children = (
				1C49669F19F4B3B200B96165 /* Base */,
			);
			name = LaunchScreen.xib;
			sourceTree = "<group>";
		};
/* End PBXVariantGroup section */

/* Begin XCBuildConfiguration section */
		1C4966AD19F4B3B200B96165 /* Debug */ = {
			isa = XCBuildConfiguration;
			buildSettings = {
				ALWAYS_SEARCH_USER_PATHS = NO;
				CLANG_CXX_LANGUAGE_STANDARD = "gnu++0x";
				CLANG_CXX_LIBRARY = "libc++";
				CLANG_ENABLE_MODULES = YES;
				CLANG_ENABLE_OBJC_ARC = YES;
				CLANG_WARN_BOOL_CONVERSION = YES;
				CLANG_WARN_CONSTANT_CONVERSION = YES;
				CLANG_WARN_DIRECT_OBJC_ISA_USAGE = YES_ERROR;
				CLANG_WARN_EMPTY_BODY = YES;
				CLANG_WARN_ENUM_CONVERSION = YES;
				CLANG_WARN_INT_CONVERSION = YES;
				CLANG_WARN_OBJC_ROOT_CLASS = YES_ERROR;
				CLANG_WARN_UNREACHABLE_CODE = YES;
				CLANG_WARN__DUPLICATE_METHOD_MATCH = YES;
				"CODE_SIGN_IDENTITY[sdk=iphoneos*]" = "iPhone Developer";
				COPY_PHASE_STRIP = NO;
				ENABLE_STRICT_OBJC_MSGSEND = YES;
				GCC_C_LANGUAGE_STANDARD = gnu99;
				GCC_DYNAMIC_NO_PIC = NO;
				GCC_OPTIMIZATION_LEVEL = 0;
				GCC_PREPROCESSOR_DEFINITIONS = (
					"DEBUG=1",
					"$(inherited)",
				);
				GCC_SYMBOLS_PRIVATE_EXTERN = NO;
				GCC_WARN_64_TO_32_BIT_CONVERSION = YES;
				GCC_WARN_ABOUT_RETURN_TYPE = YES_ERROR;
				GCC_WARN_UNDECLARED_SELECTOR = YES;
				GCC_WARN_UNINITIALIZED_AUTOS = YES_AGGRESSIVE;
				GCC_WARN_UNUSED_FUNCTION = YES;
				GCC_WARN_UNUSED_VARIABLE = YES;
				IPHONEOS_DEPLOYMENT_TARGET = 8.0;
				MTL_ENABLE_DEBUG_INFO = YES;
				ONLY_ACTIVE_ARCH = YES;
				SDKROOT = iphoneos;
				SWIFT_OPTIMIZATION_LEVEL = "-Onone";
			};
			name = Debug;
		};
		1C4966AE19F4B3B200B96165 /* Release */ = {
			isa = XCBuildConfiguration;
			buildSettings = {
				ALWAYS_SEARCH_USER_PATHS = NO;
				CLANG_CXX_LANGUAGE_STANDARD = "gnu++0x";
				CLANG_CXX_LIBRARY = "libc++";
				CLANG_ENABLE_MODULES = YES;
				CLANG_ENABLE_OBJC_ARC = YES;
				CLANG_WARN_BOOL_CONVERSION = YES;
				CLANG_WARN_CONSTANT_CONVERSION = YES;
				CLANG_WARN_DIRECT_OBJC_ISA_USAGE = YES_ERROR;
				CLANG_WARN_EMPTY_BODY = YES;
				CLANG_WARN_ENUM_CONVERSION = YES;
				CLANG_WARN_INT_CONVERSION = YES;
				CLANG_WARN_OBJC_ROOT_CLASS = YES_ERROR;
				CLANG_WARN_UNREACHABLE_CODE = YES;
				CLANG_WARN__DUPLICATE_METHOD_MATCH = YES;
				"CODE_SIGN_IDENTITY[sdk=iphoneos*]" = "iPhone Developer";
				COPY_PHASE_STRIP = YES;
				ENABLE_NS_ASSERTIONS = NO;
				ENABLE_STRICT_OBJC_MSGSEND = YES;
				GCC_C_LANGUAGE_STANDARD = gnu99;
				GCC_WARN_64_TO_32_BIT_CONVERSION = YES;
				GCC_WARN_ABOUT_RETURN_TYPE = YES_ERROR;
				GCC_WARN_UNDECLARED_SELECTOR = YES;
				GCC_WARN_UNINITIALIZED_AUTOS = YES_AGGRESSIVE;
				GCC_WARN_UNUSED_FUNCTION = YES;
				GCC_WARN_UNUSED_VARIABLE = YES;
				IPHONEOS_DEPLOYMENT_TARGET = 8.0;
				MTL_ENABLE_DEBUG_INFO = NO;
				SDKROOT = iphoneos;
				VALIDATE_PRODUCT = YES;
			};
			name = Release;
		};
		1C4966B019F4B3B200B96165 /* Debug */ = {
			isa = XCBuildConfiguration;
			buildSettings = {
				ASSETCATALOG_COMPILER_APPICON_NAME = AppIcon;
				INFOPLIST_FILE = "ble-swift/Info.plist";
				LD_RUNPATH_SEARCH_PATHS = "$(inherited) @executable_path/Frameworks";
				PRODUCT_NAME = "$(TARGET_NAME)";
			};
			name = Debug;
		};
		1C4966B119F4B3B200B96165 /* Release */ = {
			isa = XCBuildConfiguration;
			buildSettings = {
				ASSETCATALOG_COMPILER_APPICON_NAME = AppIcon;
				INFOPLIST_FILE = "ble-swift/Info.plist";
				LD_RUNPATH_SEARCH_PATHS = "$(inherited) @executable_path/Frameworks";
				PRODUCT_NAME = "$(TARGET_NAME)";
			};
			name = Release;
		};
		1C4966B319F4B3B200B96165 /* Debug */ = {
			isa = XCBuildConfiguration;
			buildSettings = {
				BUNDLE_LOADER = "$(TEST_HOST)";
				FRAMEWORK_SEARCH_PATHS = (
					"$(SDKROOT)/Developer/Library/Frameworks",
					"$(inherited)",
				);
				GCC_PREPROCESSOR_DEFINITIONS = (
					"DEBUG=1",
					"$(inherited)",
				);
				INFOPLIST_FILE = "ble-swiftTests/Info.plist";
				LD_RUNPATH_SEARCH_PATHS = "$(inherited) @executable_path/Frameworks @loader_path/Frameworks";
				PRODUCT_NAME = "$(TARGET_NAME)";
				TEST_HOST = "$(BUILT_PRODUCTS_DIR)/ble-swift.app/ble-swift";
			};
			name = Debug;
		};
		1C4966B419F4B3B200B96165 /* Release */ = {
			isa = XCBuildConfiguration;
			buildSettings = {
				BUNDLE_LOADER = "$(TEST_HOST)";
				FRAMEWORK_SEARCH_PATHS = (
					"$(SDKROOT)/Developer/Library/Frameworks",
					"$(inherited)",
				);
				INFOPLIST_FILE = "ble-swiftTests/Info.plist";
				LD_RUNPATH_SEARCH_PATHS = "$(inherited) @executable_path/Frameworks @loader_path/Frameworks";
				PRODUCT_NAME = "$(TARGET_NAME)";
				TEST_HOST = "$(BUILT_PRODUCTS_DIR)/ble-swift.app/ble-swift";
			};
			name = Release;
		};
/* End XCBuildConfiguration section */

/* Begin XCConfigurationList section */
		1C49668B19F4B3B200B96165 /* Build configuration list for PBXProject "ble-swift" */ = {
			isa = XCConfigurationList;
			buildConfigurations = (
				1C4966AD19F4B3B200B96165 /* Debug */,
				1C4966AE19F4B3B200B96165 /* Release */,
			);
			defaultConfigurationIsVisible = 0;
			defaultConfigurationName = Release;
		};
		1C4966AF19F4B3B200B96165 /* Build configuration list for PBXNativeTarget "ble-swift" */ = {
			isa = XCConfigurationList;
			buildConfigurations = (
				1C4966B019F4B3B200B96165 /* Debug */,
				1C4966B119F4B3B200B96165 /* Release */,
			);
			defaultConfigurationIsVisible = 0;
		};
		1C4966B219F4B3B200B96165 /* Build configuration list for PBXNativeTarget "ble-swiftTests" */ = {
			isa = XCConfigurationList;
			buildConfigurations = (
				1C4966B319F4B3B200B96165 /* Debug */,
				1C4966B419F4B3B200B96165 /* Release */,
			);
			defaultConfigurationIsVisible = 0;
		};
/* End XCConfigurationList section */
	};
	rootObject = 1C49668819F4B3B200B96165 /* Project object */;
}
